
Microsoft Visual Studio Solution File, Format Version 12.00
# Visual Studio 15
VisualStudioVersion = 15.0.27130.2024
MinimumVisualStudioVersion = 10.0.40219.1
Project("{FAE04EC0-301F-11D3-BF4B-00C04F79EFBC}") = "PresentValue", "PresentValue\PresentValue.csproj", "{FD54431C-89CB-4B8F-88AA-52C450CA8625}"
EndProject
Global
	GlobalSection(SolutionConfigurationPlatforms) = preSolution
		Debug|Any CPU = Debug|Any CPU
		Release|Any CPU = Release|Any CPU
	EndGlobalSection
	GlobalSection(ProjectConfigurationPlatforms) = postSolution
		{FD54431C-89CB-4B8F-88AA-52C450CA8625}.Debug|Any CPU.ActiveCfg = Debug|Any CPU
		{FD54431C-89CB-4B8F-88AA-52C450CA8625}.Debug|Any CPU.Build.0 = Debug|Any CPU
		{FD54431C-89CB-4B8F-88AA-52C450CA8625}.Release|Any CPU.ActiveCfg = Release|Any CPU
		{FD54431C-89CB-4B8F-88AA-52C450CA8625}.Release|Any CPU.Build.0 = Release|Any CPU
	EndGlobalSection
	GlobalSection(SolutionProperties) = preSolution
		HideSolutionNode = FALSE
	EndGlobalSection
	GlobalSection(ExtensibilityGlobals) = postSolution
		SolutionGuid = {93021B97-ABFC-4DD6-B5AA-66AD7E71861F}
	EndGlobalSection
EndGlobal
